
Microsoft Visual Studio Solution File, Format Version 12.00
# Visual Studio Version 16
VisualStudioVersion = 16.0.29215.179
MinimumVisualStudioVersion = 10.0.40219.1
Project("{FAE04EC0-301F-11D3-BF4B-00C04F79EFBC}") = "libirimagerSharp", "libirimagerSharp\libirimagerSharp.csproj", "{0F605455-8C4D-4BBB-86E6-074356A02AAF}"
EndProject
Project("{FAE04EC0-301F-11D3-BF4B-00C04F79EFBC}") = "PI450Viewer", "PI450Viewer\PI450Viewer.csproj", "{B09BD9F4-6C8C-4D68-9E6B-8EC0F52C27E3}"
EndProject
Global
	GlobalSection(SolutionConfigurationPlatforms) = preSolution
		Debug|x64 = Debug|x64
		Release|x64 = Release|x64
	EndGlobalSection
	GlobalSection(ProjectConfigurationPlatforms) = postSolution
		{0F605455-8C4D-4BBB-86E6-074356A02AAF}.Debug|x64.ActiveCfg = Debug|x64
		{0F605455-8C4D-4BBB-86E6-074356A02AAF}.Debug|x64.Build.0 = Debug|x64
		{0F605455-8C4D-4BBB-86E6-074356A02AAF}.Release|x64.ActiveCfg = Release|x64
		{0F605455-8C4D-4BBB-86E6-074356A02AAF}.Release|x64.Build.0 = Release|x64
		{B09BD9F4-6C8C-4D68-9E6B-8EC0F52C27E3}.Debug|x64.ActiveCfg = Debug|x64
		{B09BD9F4-6C8C-4D68-9E6B-8EC0F52C27E3}.Debug|x64.Build.0 = Debug|x64
		{B09BD9F4-6C8C-4D68-9E6B-8EC0F52C27E3}.Release|x64.ActiveCfg = Release|x64
		{B09BD9F4-6C8C-4D68-9E6B-8EC0F52C27E3}.Release|x64.Build.0 = Release|x64
	EndGlobalSection
	GlobalSection(SolutionProperties) = preSolution
		HideSolutionNode = FALSE
	EndGlobalSection
	GlobalSection(ExtensibilityGlobals) = postSolution
		SolutionGuid = {2AB0B5B5-723D-41D8-BD78-AE7D10F3849F}
	EndGlobalSection
EndGlobal
